# This file is automatically @generated by Cargo.
# It is not intended for manual editing.
version = 4

[[package]]
name = "cam-app"
version = "0.0.1"

[[package]]
name = "cam-cldata"
version = "0.0.1"

[[package]]
name = "cam-geo"
version = "0.0.1"
dependencies = [
 "i_overlay",
]

[[package]]
name = "cam-model"
version = "0.0.1"
dependencies = [
 "cam-cldata",
 "cam-geo",
]

[[package]]
name = "cam-post"
version = "0.0.1"
dependencies = [
 "cam-cldata",
 "cam-model",
]

[[package]]
name = "cam-toolpath"
version = "0.0.1"
dependencies = [
 "cam-cldata",
 "cam-geo",
 "cam-model",
 "cam-post",
]

[[package]]
name = "i_float"
version = "3.0.0"
source = "registry+https://github.com/rust-lang/crates.io-index"
checksum = "519b2780a1187eeed09145e5d168863c87f0d704abe84084206ebd897f99c6dc"
dependencies = [
 "libm",
]

[[package]]
name = "i_key_sort"
version = "0.10.3"
source = "registry+https://github.com/rust-lang/crates.io-index"
checksum = "d73d122b937fca067feb0ad74f62388920272b27c356d4df2d0cfdd59e044cf0"

[[package]]
name = "i_overlay"
version = "7.0.2"
source = "registry+https://github.com/rust-lang/crates.io-index"
checksum = "bf284de04038af713dad8b4a88d2bc97f1c8c0a87fc1f43e28e3b965d0136d9e"
dependencies = [
 "i_float",
 "i_key_sort",
 "i_shape",
 "i_tree",
]

[[package]]
name = "i_shape"
version = "3.0.0"
source = "registry+https://github.com/rust-lang/crates.io-index"
checksum = "90b2ee7bae072887c579a2f2fd2a7fa1c29cceecfae1998ef940061c5570afff"
dependencies = [
 "i_float",
]

[[package]]
name = "i_tree"
version = "0.19.0"
source = "registry+https://github.com/rust-lang/crates.io-index"
checksum = "1e9d4a992a9fe83130f41ceacceac3bb116a4355dfc9c8d6ecea4f1e4b4c6caf"

[[package]]
name = "libm"
version = "0.2.16"
source = "registry+https://github.com/rust-lang/crates.io-index"
checksum = "b6d2cec3eae94f9f509c767b45932f1ada8350c4bdb85af2fcab4a3c14807981"
